
Microsoft Visual Studio Solution File, Format Version 12.00
# Visual Studio Version 16
VisualStudioVersion = 16.0.30413.136
MinimumVisualStudioVersion = 10.0.40219.1
Project("{9A19103F-16F7-4668-BE54-9A1E7A4F7556}") = "MySeasonice", "MySeasonice\MySeasonice.csproj", "{DDD70DC6-DA32-47D5-8BAD-AD2411F0B106}"
EndProject
Global
	GlobalSection(SolutionConfigurationPlatforms) = preSolution
		Debug|Any CPU = Debug|Any CPU
		Release|Any CPU = Release|Any CPU
	EndGlobalSection
	GlobalSection(ProjectConfigurationPlatforms) = postSolution
		{DDD70DC6-DA32-47D5-8BAD-AD2411F0B106}.Debug|Any CPU.ActiveCfg = Debug|Any CPU
		{DDD70DC6-DA32-47D5-8BAD-AD2411F0B106}.Debug|Any CPU.Build.0 = Debug|Any CPU
		{DDD70DC6-DA32-47D5-8BAD-AD2411F0B106}.Release|Any CPU.ActiveCfg = Release|Any CPU
		{DDD70DC6-DA32-47D5-8BAD-AD2411F0B106}.Release|Any CPU.Build.0 = Release|Any CPU
	EndGlobalSection
	GlobalSection(SolutionProperties) = preSolution
		HideSolutionNode = FALSE
	EndGlobalSection
	GlobalSection(ExtensibilityGlobals) = postSolution
		SolutionGuid = {DB8E3F63-6065-431E-91EF-42055167B595}
	EndGlobalSection
EndGlobal
